
Microsoft Visual Studio Solution File, Format Version 12.00
# Visual Studio Version 16
VisualStudioVersion = 16.0.30804.86
MinimumVisualStudioVersion = 10.0.40219.1
Project("{FAE04EC0-301F-11D3-BF4B-00C04F79EFBC}") = "Sender", "Sender\Sender.csproj", "{687E1E53-5F03-4F95-A320-3219D1F2235F}"
EndProject
Project("{FAE04EC0-301F-11D3-BF4B-00C04F79EFBC}") = "Reciever", "Reciever\Reciever.csproj", "{9E6567D6-DF9B-470D-B455-2B06555F8BBE}"
EndProject
Global
	GlobalSection(SolutionConfigurationPlatforms) = preSolution
		Debug|Any CPU = Debug|Any CPU
		Release|Any CPU = Release|Any CPU
	EndGlobalSection
	GlobalSection(ProjectConfigurationPlatforms) = postSolution
		{687E1E53-5F03-4F95-A320-3219D1F2235F}.Debug|Any CPU.ActiveCfg = Debug|Any CPU
		{687E1E53-5F03-4F95-A320-3219D1F2235F}.Debug|Any CPU.Build.0 = Debug|Any CPU
		{687E1E53-5F03-4F95-A320-3219D1F2235F}.Release|Any CPU.ActiveCfg = Release|Any CPU
		{687E1E53-5F03-4F95-A320-3219D1F2235F}.Release|Any CPU.Build.0 = Release|Any CPU
		{9E6567D6-DF9B-470D-B455-2B06555F8BBE}.Debug|Any CPU.ActiveCfg = Debug|Any CPU
		{9E6567D6-DF9B-470D-B455-2B06555F8BBE}.Debug|Any CPU.Build.0 = Debug|Any CPU
		{9E6567D6-DF9B-470D-B455-2B06555F8BBE}.Release|Any CPU.ActiveCfg = Release|Any CPU
		{9E6567D6-DF9B-470D-B455-2B06555F8BBE}.Release|Any CPU.Build.0 = Release|Any CPU
	EndGlobalSection
	GlobalSection(SolutionProperties) = preSolution
		HideSolutionNode = FALSE
	EndGlobalSection
	GlobalSection(ExtensibilityGlobals) = postSolution
		SolutionGuid = {3B8734FE-E3A5-4289-B417-EE405FF7CDD2}
	EndGlobalSection
EndGlobal
